
Microsoft Visual Studio Solution File, Format Version 12.00
# Visual Studio Version 17
VisualStudioVersion = 17.1.32421.90
MinimumVisualStudioVersion = 10.0.40219.1
Project("{FAE04EC0-301F-11D3-BF4B-00C04F79EFBC}") = "VolcanoAPI", "VolcanoAPI\VolcanoAPI.csproj", "{4D72EC3C-9145-4238-8EFD-0901E29F99AA}"
EndProject
Global
	GlobalSection(SolutionConfigurationPlatforms) = preSolution
		Debug|Any CPU = Debug|Any CPU
		Release|Any CPU = Release|Any CPU
	EndGlobalSection
	GlobalSection(ProjectConfigurationPlatforms) = postSolution
		{4D72EC3C-9145-4238-8EFD-0901E29F99AA}.Debug|Any CPU.ActiveCfg = Debug|Any CPU
		{4D72EC3C-9145-4238-8EFD-0901E29F99AA}.Debug|Any CPU.Build.0 = Debug|Any CPU
		{4D72EC3C-9145-4238-8EFD-0901E29F99AA}.Release|Any CPU.ActiveCfg = Release|Any CPU
		{4D72EC3C-9145-4238-8EFD-0901E29F99AA}.Release|Any CPU.Build.0 = Release|Any CPU
	EndGlobalSection
	GlobalSection(SolutionProperties) = preSolution
		HideSolutionNode = FALSE
	EndGlobalSection
	GlobalSection(ExtensibilityGlobals) = postSolution
		SolutionGuid = {84BB9DA6-053D-4797-9936-C400A3529002}
	EndGlobalSection
EndGlobal
